
Microsoft Visual Studio Solution File, Format Version 12.00
# Visual Studio 15
VisualStudioVersion = 15.0.26730.12
MinimumVisualStudioVersion = 10.0.40219.1
Project("{888888A0-9F3D-457C-B088-3A5042F75D52}") = "FlaskWebProject", "FlaskWebProject\FlaskWebProject.pyproj", "{F4E59014-3D5E-4F6A-9F54-8A42DA435DC1}"
EndProject
Global
	GlobalSection(SolutionConfigurationPlatforms) = preSolution
		Debug|Any CPU = Debug|Any CPU
		Release|Any CPU = Release|Any CPU
	EndGlobalSection
	GlobalSection(ProjectConfigurationPlatforms) = postSolution
		{F4E59014-3D5E-4F6A-9F54-8A42DA435DC1}.Debug|Any CPU.ActiveCfg = Debug|Any CPU
		{F4E59014-3D5E-4F6A-9F54-8A42DA435DC1}.Debug|Any CPU.Build.0 = Debug|Any CPU
		{F4E59014-3D5E-4F6A-9F54-8A42DA435DC1}.Release|Any CPU.ActiveCfg = Release|Any CPU
		{F4E59014-3D5E-4F6A-9F54-8A42DA435DC1}.Release|Any CPU.Build.0 = Release|Any CPU
	EndGlobalSection
	GlobalSection(SolutionProperties) = preSolution
		HideSolutionNode = FALSE
	EndGlobalSection
	GlobalSection(ExtensibilityGlobals) = postSolution
		SolutionGuid = {00BF2206-9F66-4986-B7CA-3FF43FB18FFD}
	EndGlobalSection
EndGlobal
